// !$*UTF8*$!
{
	archiveVersion = 1;
	classes = {
	};
	objectVersion = 56;
	objects = {

/* Begin PBXBuildFile section */
		68E0283D2C734197005498DC /* AppDelegate.swift in Sources */ = {isa = PBXBuildFile; fileRef = 68E0283C2C734197005498DC /* AppDelegate.swift */; };
		68E0283F2C734197005498DC /* SceneDelegate.swift in Sources */ = {isa = PBXBuildFile; fileRef = 68E0283E2C734197005498DC /* SceneDelegate.swift */; };
		68E028412C734197005498DC /* TasksViewController.swift in Sources */ = {isa = PBXBuildFile; fileRef = 68E028402C734197005498DC /* TasksViewController.swift */; };
		68E028462C734198005498DC /* Assets.xcassets in Resources */ = {isa = PBXBuildFile; fileRef = 68E028452C734198005498DC /* Assets.xcassets */; };
		68E028492C734198005498DC /* Base in Resources */ = {isa = PBXBuildFile; fileRef = 68E028482C734198005498DC /* Base */; };
		68E028562C73435D005498DC /* RealmSwift in Frameworks */ = {isa = PBXBuildFile; productRef = 68E028552C73435D005498DC /* RealmSwift */; };
		68E0285A2C7345A6005498DC /* RealmManager.swift in Sources */ = {isa = PBXBuildFile; fileRef = 68E028592C7345A6005498DC /* RealmManager.swift */; };
		68E0285C2C7345CD005498DC /* Task.swift in Sources */ = {isa = PBXBuildFile; fileRef = 68E0285B2C7345CD005498DC /* Task.swift */; };
		68E0285E2C734716005498DC /* Notification+Extension.swift in Sources */ = {isa = PBXBuildFile; fileRef = 68E0285D2C734716005498DC /* Notification+Extension.swift */; };
		68E028612C734793005498DC /* MainListView.swift in Sources */ = {isa = PBXBuildFile; fileRef = 68E028602C734793005498DC /* MainListView.swift */; };
		68E028652C7347CC005498DC /* TaskTableViewCell.swift in Sources */ = {isa = PBXBuildFile; fileRef = 68E028642C7347CC005498DC /* TaskTableViewCell.swift */; };
		68E028682C7347E7005498DC /* SetupTaskViewController.swift in Sources */ = {isa = PBXBuildFile; fileRef = 68E028672C7347E7005498DC /* SetupTaskViewController.swift */; };
		68E0286B2C734803005498DC /* SetupTaskView.swift in Sources */ = {isa = PBXBuildFile; fileRef = 68E0286A2C734803005498DC /* SetupTaskView.swift */; };
		68E0286F2C73481C005498DC /* DatePickerView.swift in Sources */ = {isa = PBXBuildFile; fileRef = 68E0286E2C73481C005498DC /* DatePickerView.swift */; };
		68E028712C735518005498DC /* UITableViewCell+Extension.swift in Sources */ = {isa = PBXBuildFile; fileRef = 68E028702C735517005498DC /* UITableViewCell+Extension.swift */; };
/* End PBXBuildFile section */

/* Begin PBXFileReference section */
		68E028392C734197005498DC /* SpeechToDoList.app */ = {isa = PBXFileReference; explicitFileType = wrapper.application; includeInIndex = 0; path = SpeechToDoList.app; sourceTree = BUILT_PRODUCTS_DIR; };
		68E0283C2C734197005498DC /* AppDelegate.swift */ = {isa = PBXFileReference; lastKnownFileType = sourcecode.swift; path = AppDelegate.swift; sourceTree = "<group>"; };
		68E0283E2C734197005498DC /* SceneDelegate.swift */ = {isa = PBXFileReference; lastKnownFileType = sourcecode.swift; path = SceneDelegate.swift; sourceTree = "<group>"; };
		68E028402C734197005498DC /* TasksViewController.swift */ = {isa = PBXFileReference; lastKnownFileType = sourcecode.swift; path = TasksViewController.swift; sourceTree = "<group>"; };
		68E028452C734198005498DC /* Assets.xcassets */ = {isa = PBXFileReference; lastKnownFileType = folder.assetcatalog; path = Assets.xcassets; sourceTree = "<group>"; };
		68E028482C734198005498DC /* Base */ = {isa = PBXFileReference; lastKnownFileType = file.storyboard; name = Base; path = Base.lproj/LaunchScreen.storyboard; sourceTree = "<group>"; };
		68E0284A2C734198005498DC /* Info.plist */ = {isa = PBXFileReference; lastKnownFileType = text.plist.xml; path = Info.plist; sourceTree = "<group>"; };
		68E028592C7345A6005498DC /* RealmManager.swift */ = {isa = PBXFileReference; lastKnownFileType = sourcecode.swift; path = RealmManager.swift; sourceTree = "<group>"; };
		68E0285B2C7345CD005498DC /* Task.swift */ = {isa = PBXFileReference; lastKnownFileType = sourcecode.swift; path = Task.swift; sourceTree = "<group>"; };
		68E0285D2C734716005498DC /* Notification+Extension.swift */ = {isa = PBXFileReference; lastKnownFileType = sourcecode.swift; path = "Notification+Extension.swift"; sourceTree = "<group>"; };
		68E028602C734793005498DC /* MainListView.swift */ = {isa = PBXFileReference; lastKnownFileType = sourcecode.swift; path = MainListView.swift; sourceTree = "<group>"; };
		68E028642C7347CC005498DC /* TaskTableViewCell.swift */ = {isa = PBXFileReference; lastKnownFileType = sourcecode.swift; path = TaskTableViewCell.swift; sourceTree = "<group>"; };
		68E028672C7347E7005498DC /* SetupTaskViewController.swift */ = {isa = PBXFileReference; lastKnownFileType = sourcecode.swift; path = SetupTaskViewController.swift; sourceTree = "<group>"; };
		68E0286A2C734803005498DC /* SetupTaskView.swift */ = {isa = PBXFileReference; lastKnownFileType = sourcecode.swift; path = SetupTaskView.swift; sourceTree = "<group>"; };
		68E0286E2C73481C005498DC /* DatePickerView.swift */ = {isa = PBXFileReference; lastKnownFileType = sourcecode.swift; path = DatePickerView.swift; sourceTree = "<group>"; };
		68E028702C735517005498DC /* UITableViewCell+Extension.swift */ = {isa = PBXFileReference; lastKnownFileType = sourcecode.swift; path = "UITableViewCell+Extension.swift"; sourceTree = "<group>"; };
/* End PBXFileReference section */

/* Begin PBXFrameworksBuildPhase section */
		68E028362C734197005498DC /* Frameworks */ = {
			isa = PBXFrameworksBuildPhase;
			buildActionMask = 2147483647;
			files = (
				68E028562C73435D005498DC /* RealmSwift in Frameworks */,
			);
			runOnlyForDeploymentPostprocessing = 0;
		};
/* End PBXFrameworksBuildPhase section */

/* Begin PBXGroup section */
		68E028302C734197005498DC = {
			isa = PBXGroup;
			children = (
				68E0283B2C734197005498DC /* SpeechToDoList */,
				68E0283A2C734197005498DC /* Products */,
			);
			sourceTree = "<group>";
		};
		68E0283A2C734197005498DC /* Products */ = {
			isa = PBXGroup;
			children = (
				68E028392C734197005498DC /* SpeechToDoList.app */,
			);
			name = Products;
			sourceTree = "<group>";
		};
		68E0283B2C734197005498DC /* SpeechToDoList */ = {
			isa = PBXGroup;
			children = (
				68E028512C73423C005498DC /* Core */,
				68E028572C734490005498DC /* Model */,
				68E028582C7344B2005498DC /* MainList */,
				68E028692C7347EB005498DC /* SetupTask */,
				68E028502C734229005498DC /* Appearence */,
			);
			path = SpeechToDoList;
			sourceTree = "<group>";
		};
		68E028502C734229005498DC /* Appearence */ = {
			isa = PBXGroup;
			children = (
				68E028452C734198005498DC /* Assets.xcassets */,
				68E028472C734198005498DC /* LaunchScreen.storyboard */,
			);
			path = Appearence;
			sourceTree = "<group>";
		};
		68E028512C73423C005498DC /* Core */ = {
			isa = PBXGroup;
			children = (
				68E0283C2C734197005498DC /* AppDelegate.swift */,
				68E0283E2C734197005498DC /* SceneDelegate.swift */,
				68E0284A2C734198005498DC /* Info.plist */,
			);
			path = Core;
			sourceTree = "<group>";
		};
		68E028572C734490005498DC /* Model */ = {
			isa = PBXGroup;
			children = (
				68E028592C7345A6005498DC /* RealmManager.swift */,
				68E0285B2C7345CD005498DC /* Task.swift */,
				68E0285F2C73471D005498DC /* Extensions */,
			);
			path = Model;
			sourceTree = "<group>";
		};
		68E028582C7344B2005498DC /* MainList */ = {
			isa = PBXGroup;
			children = (
				68E028402C734197005498DC /* TasksViewController.swift */,
				68E028602C734793005498DC /* MainListView.swift */,
				68E028662C7347CF005498DC /* Cell */,
			);
			path = MainList;
			sourceTree = "<group>";
		};
		68E0285F2C73471D005498DC /* Extensions */ = {
			isa = PBXGroup;
			children = (
				68E0285D2C734716005498DC /* Notification+Extension.swift */,
				68E028702C735517005498DC /* UITableViewCell+Extension.swift */,
			);
			path = Extensions;
			sourceTree = "<group>";
		};
		68E028662C7347CF005498DC /* Cell */ = {
			isa = PBXGroup;
			children = (
				68E028642C7347CC005498DC /* TaskTableViewCell.swift */,
			);
			path = Cell;
			sourceTree = "<group>";
		};
		68E028692C7347EB005498DC /* SetupTask */ = {
			isa = PBXGroup;
			children = (
				68E028672C7347E7005498DC /* SetupTaskViewController.swift */,
				68E0286A2C734803005498DC /* SetupTaskView.swift */,
				68E0286E2C73481C005498DC /* DatePickerView.swift */,
			);
			path = SetupTask;
			sourceTree = "<group>";
		};
/* End PBXGroup section */

/* Begin PBXNativeTarget section */
		68E028382C734197005498DC /* SpeechToDoList */ = {
			isa = PBXNativeTarget;
			buildConfigurationList = 68E0284D2C734198005498DC /* Build configuration list for PBXNativeTarget "SpeechToDoList" */;
			buildPhases = (
				68E028352C734197005498DC /* Sources */,
				68E028362C734197005498DC /* Frameworks */,
				68E028372C734197005498DC /* Resources */,
			);
			buildRules = (
			);
			dependencies = (
			);
			name = SpeechToDoList;
			packageProductDependencies = (
				68E028552C73435D005498DC /* RealmSwift */,
			);
			productName = SpeechToDoList;
			productReference = 68E028392C734197005498DC /* SpeechToDoList.app */;
			productType = "com.apple.product-type.application";
		};
/* End PBXNativeTarget section */

/* Begin PBXProject section */
		68E028312C734197005498DC /* Project object */ = {
			isa = PBXProject;
			attributes = {
				BuildIndependentTargetsInParallel = 1;
				LastSwiftUpdateCheck = 1540;
				LastUpgradeCheck = 1540;
				TargetAttributes = {
					68E028382C734197005498DC = {
						CreatedOnToolsVersion = 15.4;
					};
				};
			};
			buildConfigurationList = 68E028342C734197005498DC /* Build configuration list for PBXProject "SpeechToDoList" */;
			compatibilityVersion = "Xcode 14.0";
			developmentRegion = en;
			hasScannedForEncodings = 0;
			knownRegions = (
				en,
				Base,
			);
			mainGroup = 68E028302C734197005498DC;
			packageReferences = (
				68E028522C73435D005498DC /* XCRemoteSwiftPackageReference "realm-swift" */,
			);
			productRefGroup = 68E0283A2C734197005498DC /* Products */;
			projectDirPath = "";
			projectRoot = "";
			targets = (
				68E028382C734197005498DC /* SpeechToDoList */,
			);
		};
/* End PBXProject section */

/* Begin PBXResourcesBuildPhase section */
		68E028372C734197005498DC /* Resources */ = {
			isa = PBXResourcesBuildPhase;
			buildActionMask = 2147483647;
			files = (
				68E028462C734198005498DC /* Assets.xcassets in Resources */,
				68E028492C734198005498DC /* Base in Resources */,
			);
			runOnlyForDeploymentPostprocessing = 0;
		};
/* End PBXResourcesBuildPhase section */

/* Begin PBXSourcesBuildPhase section */
		68E028352C734197005498DC /* Sources */ = {
			isa = PBXSourcesBuildPhase;
			buildActionMask = 2147483647;
			files = (
				68E028412C734197005498DC /* TasksViewController.swift in Sources */,
				68E028682C7347E7005498DC /* SetupTaskViewController.swift in Sources */,
				68E0285A2C7345A6005498DC /* RealmManager.swift in Sources */,
				68E0286B2C734803005498DC /* SetupTaskView.swift in Sources */,
				68E028652C7347CC005498DC /* TaskTableViewCell.swift in Sources */,
				68E0285C2C7345CD005498DC /* Task.swift in Sources */,
				68E0283D2C734197005498DC /* AppDelegate.swift in Sources */,
				68E028712C735518005498DC /* UITableViewCell+Extension.swift in Sources */,
				68E028612C734793005498DC /* MainListView.swift in Sources */,
				68E0286F2C73481C005498DC /* DatePickerView.swift in Sources */,
				68E0285E2C734716005498DC /* Notification+Extension.swift in Sources */,
				68E0283F2C734197005498DC /* SceneDelegate.swift in Sources */,
			);
			runOnlyForDeploymentPostprocessing = 0;
		};
/* End PBXSourcesBuildPhase section */

/* Begin PBXVariantGroup section */
		68E028472C734198005498DC /* LaunchScreen.storyboard */ = {
			isa = PBXVariantGroup;
			children = (
				68E028482C734198005498DC /* Base */,
			);
			name = LaunchScreen.storyboard;
			sourceTree = "<group>";
		};
/* End PBXVariantGroup section */

/* Begin XCBuildConfiguration section */
		68E0284B2C734198005498DC /* Debug */ = {
			isa = XCBuildConfiguration;
			buildSettings = {
				ALWAYS_SEARCH_USER_PATHS = NO;
				ASSETCATALOG_COMPILER_GENERATE_SWIFT_ASSET_SYMBOL_EXTENSIONS = YES;
				CLANG_ANALYZER_NONNULL = YES;
				CLANG_ANALYZER_NUMBER_OBJECT_CONVERSION = YES_AGGRESSIVE;
				CLANG_CXX_LANGUAGE_STANDARD = "gnu++20";
				CLANG_ENABLE_MODULES = YES;
				CLANG_ENABLE_OBJC_ARC = YES;
				CLANG_ENABLE_OBJC_WEAK = YES;
				CLANG_WARN_BLOCK_CAPTURE_AUTORELEASING = YES;
				CLANG_WARN_BOOL_CONVERSION = YES;
				CLANG_WARN_COMMA = YES;
				CLANG_WARN_CONSTANT_CONVERSION = YES;
				CLANG_WARN_DEPRECATED_OBJC_IMPLEMENTATIONS = YES;
				CLANG_WARN_DIRECT_OBJC_ISA_USAGE = YES_ERROR;
				CLANG_WARN_DOCUMENTATION_COMMENTS = YES;
				CLANG_WARN_EMPTY_BODY = YES;
				CLANG_WARN_ENUM_CONVERSION = YES;
				CLANG_WARN_INFINITE_RECURSION = YES;
				CLANG_WARN_INT_CONVERSION = YES;
				CLANG_WARN_NON_LITERAL_NULL_CONVERSION = YES;
				CLANG_WARN_OBJC_IMPLICIT_RETAIN_SELF = YES;
				CLANG_WARN_OBJC_LITERAL_CONVERSION = YES;
				CLANG_WARN_OBJC_ROOT_CLASS = YES_ERROR;
				CLANG_WARN_QUOTED_INCLUDE_IN_FRAMEWORK_HEADER = YES;
				CLANG_WARN_RANGE_LOOP_ANALYSIS = YES;
				CLANG_WARN_STRICT_PROTOTYPES = YES;
				CLANG_WARN_SUSPICIOUS_MOVE = YES;
				CLANG_WARN_UNGUARDED_AVAILABILITY = YES_AGGRESSIVE;
				CLANG_WARN_UNREACHABLE_CODE = YES;
				CLANG_WARN__DUPLICATE_METHOD_MATCH = YES;
				COPY_PHASE_STRIP = NO;
				DEBUG_INFORMATION_FORMAT = dwarf;
				ENABLE_STRICT_OBJC_MSGSEND = YES;
				ENABLE_TESTABILITY = YES;
				ENABLE_USER_SCRIPT_SANDBOXING = YES;
				GCC_C_LANGUAGE_STANDARD = gnu17;
				GCC_DYNAMIC_NO_PIC = NO;
				GCC_NO_COMMON_BLOCKS = YES;
				GCC_OPTIMIZATION_LEVEL = 0;
				GCC_PREPROCESSOR_DEFINITIONS = (
					"DEBUG=1",
					"$(inherited)",
				);
				GCC_WARN_64_TO_32_BIT_CONVERSION = YES;
				GCC_WARN_ABOUT_RETURN_TYPE = YES_ERROR;
				GCC_WARN_UNDECLARED_SELECTOR = YES;
				GCC_WARN_UNINITIALIZED_AUTOS = YES_AGGRESSIVE;
				GCC_WARN_UNUSED_FUNCTION = YES;
				GCC_WARN_UNUSED_VARIABLE = YES;
				IPHONEOS_DEPLOYMENT_TARGET = 15.0;
				LOCALIZATION_PREFERS_STRING_CATALOGS = YES;
				MTL_ENABLE_DEBUG_INFO = INCLUDE_SOURCE;
				MTL_FAST_MATH = YES;
				ONLY_ACTIVE_ARCH = YES;
				SDKROOT = iphoneos;
				SWIFT_ACTIVE_COMPILATION_CONDITIONS = "DEBUG $(inherited)";
				SWIFT_OPTIMIZATION_LEVEL = "-Onone";
			};
			name = Debug;
		};
		68E0284C2C734198005498DC /* Release */ = {
			isa = XCBuildConfiguration;
			buildSettings = {
				ALWAYS_SEARCH_USER_PATHS = NO;
				ASSETCATALOG_COMPILER_GENERATE_SWIFT_ASSET_SYMBOL_EXTENSIONS = YES;
				CLANG_ANALYZER_NONNULL = YES;
				CLANG_ANALYZER_NUMBER_OBJECT_CONVERSION = YES_AGGRESSIVE;
				CLANG_CXX_LANGUAGE_STANDARD = "gnu++20";
				CLANG_ENABLE_MODULES = YES;
				CLANG_ENABLE_OBJC_ARC = YES;
				CLANG_ENABLE_OBJC_WEAK = YES;
				CLANG_WARN_BLOCK_CAPTURE_AUTORELEASING = YES;
				CLANG_WARN_BOOL_CONVERSION = YES;
				CLANG_WARN_COMMA = YES;
				CLANG_WARN_CONSTANT_CONVERSION = YES;
				CLANG_WARN_DEPRECATED_OBJC_IMPLEMENTATIONS = YES;
				CLANG_WARN_DIRECT_OBJC_ISA_USAGE = YES_ERROR;
				CLANG_WARN_DOCUMENTATION_COMMENTS = YES;
				CLANG_WARN_EMPTY_BODY = YES;
				CLANG_WARN_ENUM_CONVERSION = YES;
				CLANG_WARN_INFINITE_RECURSION = YES;
				CLANG_WARN_INT_CONVERSION = YES;
				CLANG_WARN_NON_LITERAL_NULL_CONVERSION = YES;
				CLANG_WARN_OBJC_IMPLICIT_RETAIN_SELF = YES;
				CLANG_WARN_OBJC_LITERAL_CONVERSION = YES;
				CLANG_WARN_OBJC_ROOT_CLASS = YES_ERROR;
				CLANG_WARN_QUOTED_INCLUDE_IN_FRAMEWORK_HEADER = YES;
				CLANG_WARN_RANGE_LOOP_ANALYSIS = YES;
				CLANG_WARN_STRICT_PROTOTYPES = YES;
				CLANG_WARN_SUSPICIOUS_MOVE = YES;
				CLANG_WARN_UNGUARDED_AVAILABILITY = YES_AGGRESSIVE;
				CLANG_WARN_UNREACHABLE_CODE = YES;
				CLANG_WARN__DUPLICATE_METHOD_MATCH = YES;
				COPY_PHASE_STRIP = NO;
				DEBUG_INFORMATION_FORMAT = "dwarf-with-dsym";
				ENABLE_NS_ASSERTIONS = NO;
				ENABLE_STRICT_OBJC_MSGSEND = YES;
				ENABLE_USER_SCRIPT_SANDBOXING = YES;
				GCC_C_LANGUAGE_STANDARD = gnu17;
				GCC_NO_COMMON_BLOCKS = YES;
				GCC_WARN_64_TO_32_BIT_CONVERSION = YES;
				GCC_WARN_ABOUT_RETURN_TYPE = YES_ERROR;
				GCC_WARN_UNDECLARED_SELECTOR = YES;
				GCC_WARN_UNINITIALIZED_AUTOS = YES_AGGRESSIVE;
				GCC_WARN_UNUSED_FUNCTION = YES;
				GCC_WARN_UNUSED_VARIABLE = YES;
				IPHONEOS_DEPLOYMENT_TARGET = 15.0;
				LOCALIZATION_PREFERS_STRING_CATALOGS = YES;
				MTL_ENABLE_DEBUG_INFO = NO;
				MTL_FAST_MATH = YES;
				SDKROOT = iphoneos;
				SWIFT_COMPILATION_MODE = wholemodule;
				VALIDATE_PRODUCT = YES;
			};
			name = Release;
		};
		68E0284E2C734198005498DC /* Debug */ = {
			isa = XCBuildConfiguration;
			buildSettings = {
				ASSETCATALOG_COMPILER_APPICON_NAME = AppIcon;
				ASSETCATALOG_COMPILER_GLOBAL_ACCENT_COLOR_NAME = AccentColor;
				CODE_SIGN_STYLE = Automatic;
				CURRENT_PROJECT_VERSION = 1;
				GENERATE_INFOPLIST_FILE = YES;
				INFOPLIST_FILE = SpeechToDoList/Core/Info.plist;
				INFOPLIST_KEY_UIApplicationSupportsIndirectInputEvents = YES;
				INFOPLIST_KEY_UILaunchStoryboardName = LaunchScreen;
				INFOPLIST_KEY_UISupportedInterfaceOrientations = UIInterfaceOrientationPortrait;
				INFOPLIST_KEY_UISupportedInterfaceOrientations_iPad = "UIInterfaceOrientationLandscapeLeft UIInterfaceOrientationLandscapeRight UIInterfaceOrientationPortrait UIInterfaceOrientationPortraitUpsideDown";
				IPHONEOS_DEPLOYMENT_TARGET = 15.0;
				LD_RUNPATH_SEARCH_PATHS = (
					"$(inherited)",
					"@executable_path/Frameworks",
				);
				MARKETING_VERSION = 1.0;
				PRODUCT_BUNDLE_IDENTIFIER = deluxesss.SpeechToDoList;
				PRODUCT_NAME = "$(TARGET_NAME)";
				SWIFT_EMIT_LOC_STRINGS = YES;
				SWIFT_VERSION = 5.0;
				TARGETED_DEVICE_FAMILY = "1,2";
			};
			name = Debug;
		};
		68E0284F2C734198005498DC /* Release */ = {
			isa = XCBuildConfiguration;
			buildSettings = {
				ASSETCATALOG_COMPILER_APPICON_NAME = AppIcon;
				ASSETCATALOG_COMPILER_GLOBAL_ACCENT_COLOR_NAME = AccentColor;
				CODE_SIGN_STYLE = Automatic;
				CURRENT_PROJECT_VERSION = 1;
				GENERATE_INFOPLIST_FILE = YES;
				INFOPLIST_FILE = SpeechToDoList/Core/Info.plist;
				INFOPLIST_KEY_UIApplicationSupportsIndirectInputEvents = YES;
				INFOPLIST_KEY_UILaunchStoryboardName = LaunchScreen;
				INFOPLIST_KEY_UISupportedInterfaceOrientations = UIInterfaceOrientationPortrait;
				INFOPLIST_KEY_UISupportedInterfaceOrientations_iPad = "UIInterfaceOrientationLandscapeLeft UIInterfaceOrientationLandscapeRight UIInterfaceOrientationPortrait UIInterfaceOrientationPortraitUpsideDown";
				IPHONEOS_DEPLOYMENT_TARGET = 15.0;
				LD_RUNPATH_SEARCH_PATHS = (
					"$(inherited)",
					"@executable_path/Frameworks",
				);
				MARKETING_VERSION = 1.0;
				PRODUCT_BUNDLE_IDENTIFIER = deluxesss.SpeechToDoList;
				PRODUCT_NAME = "$(TARGET_NAME)";
				SWIFT_EMIT_LOC_STRINGS = YES;
				SWIFT_VERSION = 5.0;
				TARGETED_DEVICE_FAMILY = "1,2";
			};
			name = Release;
		};
/* End XCBuildConfiguration section */

/* Begin XCConfigurationList section */
		68E028342C734197005498DC /* Build configuration list for PBXProject "SpeechToDoList" */ = {
			isa = XCConfigurationList;
			buildConfigurations = (
				68E0284B2C734198005498DC /* Debug */,
				68E0284C2C734198005498DC /* Release */,
			);
			defaultConfigurationIsVisible = 0;
			defaultConfigurationName = Release;
		};
		68E0284D2C734198005498DC /* Build configuration list for PBXNativeTarget "SpeechToDoList" */ = {
			isa = XCConfigurationList;
			buildConfigurations = (
				68E0284E2C734198005498DC /* Debug */,
				68E0284F2C734198005498DC /* Release */,
			);
			defaultConfigurationIsVisible = 0;
			defaultConfigurationName = Release;
		};
/* End XCConfigurationList section */

/* Begin XCRemoteSwiftPackageReference section */
		68E028522C73435D005498DC /* XCRemoteSwiftPackageReference "realm-swift" */ = {
			isa = XCRemoteSwiftPackageReference;
			repositoryURL = "https://github.com/realm/realm-swift";
			requirement = {
				branch = master;
				kind = branch;
			};
		};
/* End XCRemoteSwiftPackageReference section */

/* Begin XCSwiftPackageProductDependency section */
		68E028552C73435D005498DC /* RealmSwift */ = {
			isa = XCSwiftPackageProductDependency;
			package = 68E028522C73435D005498DC /* XCRemoteSwiftPackageReference "realm-swift" */;
			productName = RealmSwift;
		};
/* End XCSwiftPackageProductDependency section */
	};
	rootObject = 68E028312C734197005498DC /* Project object */;
}
